
Microsoft Visual Studio Solution File, Format Version 11.00
# Visual Studio 2010
Project("{FAE04EC0-301F-11D3-BF4B-00C04F79EFBC}") = "WIExample2", "WIExample2\WIExample2.csproj", "{BE73C0E1-A391-46FF-AC29-C42E01797107}"
EndProject
Global
	GlobalSection(SolutionConfigurationPlatforms) = preSolution
		Debug|Any CPU = Debug|Any CPU
		Release|Any CPU = Release|Any CPU
	EndGlobalSection
	GlobalSection(ProjectConfigurationPlatforms) = postSolution
		{BE73C0E1-A391-46FF-AC29-C42E01797107}.Debug|Any CPU.ActiveCfg = Debug|Any CPU
		{BE73C0E1-A391-46FF-AC29-C42E01797107}.Debug|Any CPU.Build.0 = Debug|Any CPU
		{BE73C0E1-A391-46FF-AC29-C42E01797107}.Release|Any CPU.ActiveCfg = Release|Any CPU
		{BE73C0E1-A391-46FF-AC29-C42E01797107}.Release|Any CPU.Build.0 = Release|Any CPU
	EndGlobalSection
	GlobalSection(SolutionProperties) = preSolution
		HideSolutionNode = FALSE
	EndGlobalSection
EndGlobal
